
Microsoft Visual Studio Solution File, Format Version 12.00
# Visual Studio Version 17
VisualStudioVersion = 17.4.33213.308
MinimumVisualStudioVersion = 10.0.40219.1
Project("{FAE04EC0-301F-11D3-BF4B-00C04F79EFBC}") = "Week5LogicalOperators", "Week5LogicalOperators\Week5LogicalOperators.csproj", "{8D3D1AE3-A00C-46FB-ACB3-19D99E60AF41}"
EndProject
Project("{FAE04EC0-301F-11D3-BF4B-00C04F79EFBC}") = "ANDOperator", "ANDOperator\ANDOperator.csproj", "{80520546-2E49-4173-8467-60D87B488233}"
EndProject
Project("{FAE04EC0-301F-11D3-BF4B-00C04F79EFBC}") = "OROperator", "OROperator\OROperator.csproj", "{A97DC158-45BA-4A73-986D-87342EDE0CFB}"
EndProject
Project("{FAE04EC0-301F-11D3-BF4B-00C04F79EFBC}") = "ANDRanges", "ANDRanges\ANDRanges.csproj", "{FE07C2A4-B5F2-4579-8A79-EC8721CAC7DE}"
EndProject
Global
	GlobalSection(SolutionConfigurationPlatforms) = preSolution
		Debug|Any CPU = Debug|Any CPU
		Release|Any CPU = Release|Any CPU
	EndGlobalSection
	GlobalSection(ProjectConfigurationPlatforms) = postSolution
		{8D3D1AE3-A00C-46FB-ACB3-19D99E60AF41}.Debug|Any CPU.ActiveCfg = Debug|Any CPU
		{8D3D1AE3-A00C-46FB-ACB3-19D99E60AF41}.Debug|Any CPU.Build.0 = Debug|Any CPU
		{8D3D1AE3-A00C-46FB-ACB3-19D99E60AF41}.Release|Any CPU.ActiveCfg = Release|Any CPU
		{8D3D1AE3-A00C-46FB-ACB3-19D99E60AF41}.Release|Any CPU.Build.0 = Release|Any CPU
		{80520546-2E49-4173-8467-60D87B488233}.Debug|Any CPU.ActiveCfg = Debug|Any CPU
		{80520546-2E49-4173-8467-60D87B488233}.Debug|Any CPU.Build.0 = Debug|Any CPU
		{80520546-2E49-4173-8467-60D87B488233}.Release|Any CPU.ActiveCfg = Release|Any CPU
		{80520546-2E49-4173-8467-60D87B488233}.Release|Any CPU.Build.0 = Release|Any CPU
		{A97DC158-45BA-4A73-986D-87342EDE0CFB}.Debug|Any CPU.ActiveCfg = Debug|Any CPU
		{A97DC158-45BA-4A73-986D-87342EDE0CFB}.Debug|Any CPU.Build.0 = Debug|Any CPU
		{A97DC158-45BA-4A73-986D-87342EDE0CFB}.Release|Any CPU.ActiveCfg = Release|Any CPU
		{A97DC158-45BA-4A73-986D-87342EDE0CFB}.Release|Any CPU.Build.0 = Release|Any CPU
		{FE07C2A4-B5F2-4579-8A79-EC8721CAC7DE}.Debug|Any CPU.ActiveCfg = Debug|Any CPU
		{FE07C2A4-B5F2-4579-8A79-EC8721CAC7DE}.Debug|Any CPU.Build.0 = Debug|Any CPU
		{FE07C2A4-B5F2-4579-8A79-EC8721CAC7DE}.Release|Any CPU.ActiveCfg = Release|Any CPU
		{FE07C2A4-B5F2-4579-8A79-EC8721CAC7DE}.Release|Any CPU.Build.0 = Release|Any CPU
	EndGlobalSection
	GlobalSection(SolutionProperties) = preSolution
		HideSolutionNode = FALSE
	EndGlobalSection
	GlobalSection(ExtensibilityGlobals) = postSolution
		SolutionGuid = {9679D495-8E78-4C23-B92B-245ABA8F510A}
	EndGlobalSection
EndGlobal
